
Microsoft Visual Studio Solution File, Format Version 12.00
# Visual Studio Version 17
VisualStudioVersion = 17.4.33110.190
MinimumVisualStudioVersion = 10.0.40219.1
Project("{FAE04EC0-301F-11D3-BF4B-00C04F79EFBC}") = "ConsoleTester", "ConsoleTester\ConsoleTester.csproj", "{2C2C8C7D-4A85-4F97-B4F9-1C86A235870E}"
EndProject
Project("{FAE04EC0-301F-11D3-BF4B-00C04F79EFBC}") = "ElasticCollection", "ElasticCollection\ElasticCollection.csproj", "{D1CDE2F3-80E1-4352-80EC-9C7CB05E8142}"
EndProject
Global
	GlobalSection(SolutionConfigurationPlatforms) = preSolution
		Debug|Any CPU = Debug|Any CPU
		Release|Any CPU = Release|Any CPU
	EndGlobalSection
	GlobalSection(ProjectConfigurationPlatforms) = postSolution
		{2C2C8C7D-4A85-4F97-B4F9-1C86A235870E}.Debug|Any CPU.ActiveCfg = Debug|Any CPU
		{2C2C8C7D-4A85-4F97-B4F9-1C86A235870E}.Debug|Any CPU.Build.0 = Debug|Any CPU
		{2C2C8C7D-4A85-4F97-B4F9-1C86A235870E}.Release|Any CPU.ActiveCfg = Release|Any CPU
		{2C2C8C7D-4A85-4F97-B4F9-1C86A235870E}.Release|Any CPU.Build.0 = Release|Any CPU
		{D1CDE2F3-80E1-4352-80EC-9C7CB05E8142}.Debug|Any CPU.ActiveCfg = Debug|Any CPU
		{D1CDE2F3-80E1-4352-80EC-9C7CB05E8142}.Debug|Any CPU.Build.0 = Debug|Any CPU
		{D1CDE2F3-80E1-4352-80EC-9C7CB05E8142}.Release|Any CPU.ActiveCfg = Release|Any CPU
		{D1CDE2F3-80E1-4352-80EC-9C7CB05E8142}.Release|Any CPU.Build.0 = Release|Any CPU
	EndGlobalSection
	GlobalSection(SolutionProperties) = preSolution
		HideSolutionNode = FALSE
	EndGlobalSection
	GlobalSection(ExtensibilityGlobals) = postSolution
		SolutionGuid = {740EDF95-5D64-4F0C-B34E-D52A61A9F80E}
	EndGlobalSection
EndGlobal
